Microsoft Visual Studio Solution File, Format Version 12.00
# Visual Studio 15
Project("{8BC9CEB8-8B4A-11D0-8D11-00A0C91BC942}") = "ALL_BUILD", "ALL_BUILD.vcxproj", "{1A6C0DC0-D1B6-3FB1-A8B1-4B65F85F3D50}"
	ProjectSection(ProjectDependencies) = postProject
		{C836E284-8DEA-36D6-BDF4-DC9A5F0B73E6} = {C836E284-8DEA-36D6-BDF4-DC9A5F0B73E6}
		{BB8BAE5B-A594-3D73-AFAE-DADAF4E51B93} = {BB8BAE5B-A594-3D73-AFAE-DADAF4E51B93}
		{EAB68399-6A9B-34E9-B53A-495ECCE57F35} = {EAB68399-6A9B-34E9-B53A-495ECCE57F35}
		{B8968C6A-FCB2-3C95-A8B8-2AEE6345E7B2} = {B8968C6A-FCB2-3C95-A8B8-2AEE6345E7B2}
		{D6326E82-1DE5-3C99-A47B-C7E61C66DFA4} = {D6326E82-1DE5-3C99-A47B-C7E61C66DFA4}
		{B1175B17-3399-3181-8CD3-EE3034C89C5B} = {B1175B17-3399-3181-8CD3-EE3034C89C5B}
		{D4DB2394-E46C-3BC0-80CB-3010DB30434F} = {D4DB2394-E46C-3BC0-80CB-3010DB30434F}
		{7957BB02-50D5-3061-A208-F8E176B0EAD3} = {7957BB02-50D5-3061-A208-F8E176B0EAD3}
		{E42BA10E-A2DC-35AC-938E-7B913C2D2526} = {E42BA10E-A2DC-35AC-938E-7B913C2D2526}
	EndProjectSection
EndProject
Project("{8BC9CEB8-8B4A-11D0-8D11-00A0C91BC942}") = "SDLPong", "src\Engine\SDLPong.vcxproj", "{C836E284-8DEA-36D6-BDF4-DC9A5F0B73E6}"
	ProjectSection(ProjectDependencies) = postProject
		{BB8BAE5B-A594-3D73-AFAE-DADAF4E51B93} = {BB8BAE5B-A594-3D73-AFAE-DADAF4E51B93}
		{EAB68399-6A9B-34E9-B53A-495ECCE57F35} = {EAB68399-6A9B-34E9-B53A-495ECCE57F35}
		{B8968C6A-FCB2-3C95-A8B8-2AEE6345E7B2} = {B8968C6A-FCB2-3C95-A8B8-2AEE6345E7B2}
		{D6326E82-1DE5-3C99-A47B-C7E61C66DFA4} = {D6326E82-1DE5-3C99-A47B-C7E61C66DFA4}
		{B1175B17-3399-3181-8CD3-EE3034C89C5B} = {B1175B17-3399-3181-8CD3-EE3034C89C5B}
		{D4DB2394-E46C-3BC0-80CB-3010DB30434F} = {D4DB2394-E46C-3BC0-80CB-3010DB30434F}
		{7957BB02-50D5-3061-A208-F8E176B0EAD3} = {7957BB02-50D5-3061-A208-F8E176B0EAD3}
		{E42BA10E-A2DC-35AC-938E-7B913C2D2526} = {E42BA10E-A2DC-35AC-938E-7B913C2D2526}
	EndProjectSection
EndProject
Project("{8BC9CEB8-8B4A-11D0-8D11-00A0C91BC942}") = "ZERO_CHECK", "ZERO_CHECK.vcxproj", "{BB8BAE5B-A594-3D73-AFAE-DADAF4E51B93}"
	ProjectSection(ProjectDependencies) = postProject
	EndProjectSection
EndProject
Project("{8BC9CEB8-8B4A-11D0-8D11-00A0C91BC942}") = "lib", "src\lib.vcxproj", "{EAB68399-6A9B-34E9-B53A-495ECCE57F35}"
	ProjectSection(ProjectDependencies) = postProject
		{BB8BAE5B-A594-3D73-AFAE-DADAF4E51B93} = {BB8BAE5B-A594-3D73-AFAE-DADAF4E51B93}
	EndProjectSection
EndProject
Project("{8BC9CEB8-8B4A-11D0-8D11-00A0C91BC942}") = "lib2", "src\Engine\lib2.vcxproj", "{B8968C6A-FCB2-3C95-A8B8-2AEE6345E7B2}"
	ProjectSection(ProjectDependencies) = postProject
		{BB8BAE5B-A594-3D73-AFAE-DADAF4E51B93} = {BB8BAE5B-A594-3D73-AFAE-DADAF4E51B93}
	EndProjectSection
EndProject
Project("{8BC9CEB8-8B4A-11D0-8D11-00A0C91BC942}") = "lib3", "src\Engine\Components\lib3.vcxproj", "{D6326E82-1DE5-3C99-A47B-C7E61C66DFA4}"
	ProjectSection(ProjectDependencies) = postProject
		{BB8BAE5B-A594-3D73-AFAE-DADAF4E51B93} = {BB8BAE5B-A594-3D73-AFAE-DADAF4E51B93}
	EndProjectSection
EndProject
Project("{8BC9CEB8-8B4A-11D0-8D11-00A0C91BC942}") = "lib4", "src\Engine\GUI\lib4.vcxproj", "{B1175B17-3399-3181-8CD3-EE3034C89C5B}"
	ProjectSection(ProjectDependencies) = postProject
		{BB8BAE5B-A594-3D73-AFAE-DADAF4E51B93} = {BB8BAE5B-A594-3D73-AFAE-DADAF4E51B93}
	EndProjectSection
EndProject
Project("{8BC9CEB8-8B4A-11D0-8D11-00A0C91BC942}") = "lib5", "src\Engine\Managers\lib5.vcxproj", "{D4DB2394-E46C-3BC0-80CB-3010DB30434F}"
	ProjectSection(ProjectDependencies) = postProject
		{BB8BAE5B-A594-3D73-AFAE-DADAF4E51B93} = {BB8BAE5B-A594-3D73-AFAE-DADAF4E51B93}
	EndProjectSection
EndProject
Project("{8BC9CEB8-8B4A-11D0-8D11-00A0C91BC942}") = "lib6", "src\Engine\Networking\lib6.vcxproj", "{7957BB02-50D5-3061-A208-F8E176B0EAD3}"
	ProjectSection(ProjectDependencies) = postProject
		{BB8BAE5B-A594-3D73-AFAE-DADAF4E51B93} = {BB8BAE5B-A594-3D73-AFAE-DADAF4E51B93}
	EndProjectSection
EndProject
Project("{8BC9CEB8-8B4A-11D0-8D11-00A0C91BC942}") = "lib7", "src\Engine\Util\lib7.vcxproj", "{E42BA10E-A2DC-35AC-938E-7B913C2D2526}"
	ProjectSection(ProjectDependencies) = postProject
		{BB8BAE5B-A594-3D73-AFAE-DADAF4E51B93} = {BB8BAE5B-A594-3D73-AFAE-DADAF4E51B93}
	EndProjectSection
EndProject
Global
	GlobalSection(SolutionConfigurationPlatforms) = preSolution
		Debug|Win32 = Debug|Win32
		Release|Win32 = Release|Win32
		MinSizeRel|Win32 = MinSizeRel|Win32
		RelWithDebInfo|Win32 = RelWithDebInfo|Win32
	EndGlobalSection
	GlobalSection(ProjectConfigurationPlatforms) = postSolution
		{1A6C0DC0-D1B6-3FB1-A8B1-4B65F85F3D50}.Debug|Win32.ActiveCfg = Debug|Win32
		{1A6C0DC0-D1B6-3FB1-A8B1-4B65F85F3D50}.Release|Win32.ActiveCfg = Release|Win32
		{1A6C0DC0-D1B6-3FB1-A8B1-4B65F85F3D50}.MinSizeRel|Win32.ActiveCfg = MinSizeRel|Win32
		{1A6C0DC0-D1B6-3FB1-A8B1-4B65F85F3D50}.RelWithDebInfo|Win32.ActiveCfg = RelWithDebInfo|Win32
		{C836E284-8DEA-36D6-BDF4-DC9A5F0B73E6}.Debug|Win32.ActiveCfg = Debug|Win32
		{C836E284-8DEA-36D6-BDF4-DC9A5F0B73E6}.Debug|Win32.Build.0 = Debug|Win32
		{C836E284-8DEA-36D6-BDF4-DC9A5F0B73E6}.Release|Win32.ActiveCfg = Release|Win32
		{C836E284-8DEA-36D6-BDF4-DC9A5F0B73E6}.Release|Win32.Build.0 = Release|Win32
		{C836E284-8DEA-36D6-BDF4-DC9A5F0B73E6}.MinSizeRel|Win32.ActiveCfg = MinSizeRel|Win32
		{C836E284-8DEA-36D6-BDF4-DC9A5F0B73E6}.MinSizeRel|Win32.Build.0 = MinSizeRel|Win32
		{C836E284-8DEA-36D6-BDF4-DC9A5F0B73E6}.RelWithDebInfo|Win32.ActiveCfg = RelWithDebInfo|Win32
		{C836E284-8DEA-36D6-BDF4-DC9A5F0B73E6}.RelWithDebInfo|Win32.Build.0 = RelWithDebInfo|Win32
		{BB8BAE5B-A594-3D73-AFAE-DADAF4E51B93}.Debug|Win32.ActiveCfg = Debug|Win32
		{BB8BAE5B-A594-3D73-AFAE-DADAF4E51B93}.Debug|Win32.Build.0 = Debug|Win32
		{BB8BAE5B-A594-3D73-AFAE-DADAF4E51B93}.Release|Win32.ActiveCfg = Release|Win32
		{BB8BAE5B-A594-3D73-AFAE-DADAF4E51B93}.Release|Win32.Build.0 = Release|Win32
		{BB8BAE5B-A594-3D73-AFAE-DADAF4E51B93}.MinSizeRel|Win32.ActiveCfg = MinSizeRel|Win32
		{BB8BAE5B-A594-3D73-AFAE-DADAF4E51B93}.MinSizeRel|Win32.Build.0 = MinSizeRel|Win32
		{BB8BAE5B-A594-3D73-AFAE-DADAF4E51B93}.RelWithDebInfo|Win32.ActiveCfg = RelWithDebInfo|Win32
		{BB8BAE5B-A594-3D73-AFAE-DADAF4E51B93}.RelWithDebInfo|Win32.Build.0 = RelWithDebInfo|Win32
		{EAB68399-6A9B-34E9-B53A-495ECCE57F35}.Debug|Win32.ActiveCfg = Debug|Win32
		{EAB68399-6A9B-34E9-B53A-495ECCE57F35}.Debug|Win32.Build.0 = Debug|Win32
		{EAB68399-6A9B-34E9-B53A-495ECCE57F35}.Release|Win32.ActiveCfg = Release|Win32
		{EAB68399-6A9B-34E9-B53A-495ECCE57F35}.Release|Win32.Build.0 = Release|Win32
		{EAB68399-6A9B-34E9-B53A-495ECCE57F35}.MinSizeRel|Win32.ActiveCfg = MinSizeRel|Win32
		{EAB68399-6A9B-34E9-B53A-495ECCE57F35}.MinSizeRel|Win32.Build.0 = MinSizeRel|Win32
		{EAB68399-6A9B-34E9-B53A-495ECCE57F35}.RelWithDebInfo|Win32.ActiveCfg = RelWithDebInfo|Win32
		{EAB68399-6A9B-34E9-B53A-495ECCE57F35}.RelWithDebInfo|Win32.Build.0 = RelWithDebInfo|Win32
		{B8968C6A-FCB2-3C95-A8B8-2AEE6345E7B2}.Debug|Win32.ActiveCfg = Debug|Win32
		{B8968C6A-FCB2-3C95-A8B8-2AEE6345E7B2}.Debug|Win32.Build.0 = Debug|Win32
		{B8968C6A-FCB2-3C95-A8B8-2AEE6345E7B2}.Release|Win32.ActiveCfg = Release|Win32
		{B8968C6A-FCB2-3C95-A8B8-2AEE6345E7B2}.Release|Win32.Build.0 = Release|Win32
		{B8968C6A-FCB2-3C95-A8B8-2AEE6345E7B2}.MinSizeRel|Win32.ActiveCfg = MinSizeRel|Win32
		{B8968C6A-FCB2-3C95-A8B8-2AEE6345E7B2}.MinSizeRel|Win32.Build.0 = MinSizeRel|Win32
		{B8968C6A-FCB2-3C95-A8B8-2AEE6345E7B2}.RelWithDebInfo|Win32.ActiveCfg = RelWithDebInfo|Win32
		{B8968C6A-FCB2-3C95-A8B8-2AEE6345E7B2}.RelWithDebInfo|Win32.Build.0 = RelWithDebInfo|Win32
		{D6326E82-1DE5-3C99-A47B-C7E61C66DFA4}.Debug|Win32.ActiveCfg = Debug|Win32
		{D6326E82-1DE5-3C99-A47B-C7E61C66DFA4}.Debug|Win32.Build.0 = Debug|Win32
		{D6326E82-1DE5-3C99-A47B-C7E61C66DFA4}.Release|Win32.ActiveCfg = Release|Win32
		{D6326E82-1DE5-3C99-A47B-C7E61C66DFA4}.Release|Win32.Build.0 = Release|Win32
		{D6326E82-1DE5-3C99-A47B-C7E61C66DFA4}.MinSizeRel|Win32.ActiveCfg = MinSizeRel|Win32
		{D6326E82-1DE5-3C99-A47B-C7E61C66DFA4}.MinSizeRel|Win32.Build.0 = MinSizeRel|Win32
		{D6326E82-1DE5-3C99-A47B-C7E61C66DFA4}.RelWithDebInfo|Win32.ActiveCfg = RelWithDebInfo|Win32
		{D6326E82-1DE5-3C99-A47B-C7E61C66DFA4}.RelWithDebInfo|Win32.Build.0 = RelWithDebInfo|Win32
		{B1175B17-3399-3181-8CD3-EE3034C89C5B}.Debug|Win32.ActiveCfg = Debug|Win32
		{B1175B17-3399-3181-8CD3-EE3034C89C5B}.Debug|Win32.Build.0 = Debug|Win32
		{B1175B17-3399-3181-8CD3-EE3034C89C5B}.Release|Win32.ActiveCfg = Release|Win32
		{B1175B17-3399-3181-8CD3-EE3034C89C5B}.Release|Win32.Build.0 = Release|Win32
		{B1175B17-3399-3181-8CD3-EE3034C89C5B}.MinSizeRel|Win32.ActiveCfg = MinSizeRel|Win32
		{B1175B17-3399-3181-8CD3-EE3034C89C5B}.MinSizeRel|Win32.Build.0 = MinSizeRel|Win32
		{B1175B17-3399-3181-8CD3-EE3034C89C5B}.RelWithDebInfo|Win32.ActiveCfg = RelWithDebInfo|Win32
		{B1175B17-3399-3181-8CD3-EE3034C89C5B}.RelWithDebInfo|Win32.Build.0 = RelWithDebInfo|Win32
		{D4DB2394-E46C-3BC0-80CB-3010DB30434F}.Debug|Win32.ActiveCfg = Debug|Win32
		{D4DB2394-E46C-3BC0-80CB-3010DB30434F}.Debug|Win32.Build.0 = Debug|Win32
		{D4DB2394-E46C-3BC0-80CB-3010DB30434F}.Release|Win32.ActiveCfg = Release|Win32
		{D4DB2394-E46C-3BC0-80CB-3010DB30434F}.Release|Win32.Build.0 = Release|Win32
		{D4DB2394-E46C-3BC0-80CB-3010DB30434F}.MinSizeRel|Win32.ActiveCfg = MinSizeRel|Win32
		{D4DB2394-E46C-3BC0-80CB-3010DB30434F}.MinSizeRel|Win32.Build.0 = MinSizeRel|Win32
		{D4DB2394-E46C-3BC0-80CB-3010DB30434F}.RelWithDebInfo|Win32.ActiveCfg = RelWithDebInfo|Win32
		{D4DB2394-E46C-3BC0-80CB-3010DB30434F}.RelWithDebInfo|Win32.Build.0 = RelWithDebInfo|Win32
		{7957BB02-50D5-3061-A208-F8E176B0EAD3}.Debug|Win32.ActiveCfg = Debug|Win32
		{7957BB02-50D5-3061-A208-F8E176B0EAD3}.Debug|Win32.Build.0 = Debug|Win32
		{7957BB02-50D5-3061-A208-F8E176B0EAD3}.Release|Win32.ActiveCfg = Release|Win32
		{7957BB02-50D5-3061-A208-F8E176B0EAD3}.Release|Win32.Build.0 = Release|Win32
		{7957BB02-50D5-3061-A208-F8E176B0EAD3}.MinSizeRel|Win32.ActiveCfg = MinSizeRel|Win32
		{7957BB02-50D5-3061-A208-F8E176B0EAD3}.MinSizeRel|Win32.Build.0 = MinSizeRel|Win32
		{7957BB02-50D5-3061-A208-F8E176B0EAD3}.RelWithDebInfo|Win32.ActiveCfg = RelWithDebInfo|Win32
		{7957BB02-50D5-3061-A208-F8E176B0EAD3}.RelWithDebInfo|Win32.Build.0 = RelWithDebInfo|Win32
		{E42BA10E-A2DC-35AC-938E-7B913C2D2526}.Debug|Win32.ActiveCfg = Debug|Win32
		{E42BA10E-A2DC-35AC-938E-7B913C2D2526}.Debug|Win32.Build.0 = Debug|Win32
		{E42BA10E-A2DC-35AC-938E-7B913C2D2526}.Release|Win32.ActiveCfg = Release|Win32
		{E42BA10E-A2DC-35AC-938E-7B913C2D2526}.Release|Win32.Build.0 = Release|Win32
		{E42BA10E-A2DC-35AC-938E-7B913C2D2526}.MinSizeRel|Win32.ActiveCfg = MinSizeRel|Win32
		{E42BA10E-A2DC-35AC-938E-7B913C2D2526}.MinSizeRel|Win32.Build.0 = MinSizeRel|Win32
		{E42BA10E-A2DC-35AC-938E-7B913C2D2526}.RelWithDebInfo|Win32.ActiveCfg = RelWithDebInfo|Win32
		{E42BA10E-A2DC-35AC-938E-7B913C2D2526}.RelWithDebInfo|Win32.Build.0 = RelWithDebInfo|Win32
	EndGlobalSection
	GlobalSection(ExtensibilityGlobals) = postSolution
		SolutionGuid = {2D8CBB81-5A44-3EDD-A2FD-B636E09A4356}
	EndGlobalSection
	GlobalSection(ExtensibilityAddIns) = postSolution
	EndGlobalSection
EndGlobal
